
Microsoft Visual Studio Solution File, Format Version 12.00
# Visual Studio Version 16
VisualStudioVersion = 16.0.29806.167
MinimumVisualStudioVersion = 10.0.40219.1
Project("{FAE04EC0-301F-11D3-BF4B-00C04F79EFBC}") = "SonicAudioLib", "Source\SonicAudioLib\SonicAudioLib.csproj", "{63138773-1F47-474C-9345-15EB6183ECC6}"
EndProject
Project("{FAE04EC0-301F-11D3-BF4B-00C04F79EFBC}") = "SonicAudioCmd", "Source\SonicAudioCmd\SonicAudioCmd.csproj", "{C412FC07-0C07-4361-88BA-C9C182CF8D70}"
EndProject
Project("{FAE04EC0-301F-11D3-BF4B-00C04F79EFBC}") = "AcbEditor", "Source\AcbEditor\AcbEditor.csproj", "{45A72DAF-370A-42D1-833E-CEE27EA5E311}"
EndProject
Project("{FAE04EC0-301F-11D3-BF4B-00C04F79EFBC}") = "CsbEditor", "Source\CsbEditor\CsbEditor.csproj", "{91F6B6A6-5D95-4C7A-B22E-A35BD32DB67A}"
EndProject
Project("{FAE04EC0-301F-11D3-BF4B-00C04F79EFBC}") = "CsbBuilder", "Source\CsbBuilder\CsbBuilder.csproj", "{70A6A571-23EC-4B2C-A579-1E6812DDC34E}"
EndProject
Project("{FAE04EC0-301F-11D3-BF4B-00C04F79EFBC}") = "AcbInjector", "Source\AcbInjector\AcbInjector.csproj", "{4F68FD56-37A6-40D5-8C57-19067F7C2141}"
EndProject
Project("{FAE04EC0-301F-11D3-BF4B-00C04F79EFBC}") = "AcbFinder", "Source\AcbFinder\AcbFinder.csproj", "{2F442A2E-B999-4492-B487-FA941A0E44F1}"
EndProject
Global
	GlobalSection(SolutionConfigurationPlatforms) = preSolution
		Debug|Any CPU = Debug|Any CPU
		Release|Any CPU = Release|Any CPU
	EndGlobalSection
	GlobalSection(ProjectConfigurationPlatforms) = postSolution
		{63138773-1F47-474C-9345-15EB6183ECC6}.Debug|Any CPU.ActiveCfg = Debug|Any CPU
		{63138773-1F47-474C-9345-15EB6183ECC6}.Debug|Any CPU.Build.0 = Debug|Any CPU
		{63138773-1F47-474C-9345-15EB6183ECC6}.Release|Any CPU.ActiveCfg = Release|Any CPU
		{63138773-1F47-474C-9345-15EB6183ECC6}.Release|Any CPU.Build.0 = Release|Any CPU
		{C412FC07-0C07-4361-88BA-C9C182CF8D70}.Debug|Any CPU.ActiveCfg = Debug|Any CPU
		{C412FC07-0C07-4361-88BA-C9C182CF8D70}.Debug|Any CPU.Build.0 = Debug|Any CPU
		{C412FC07-0C07-4361-88BA-C9C182CF8D70}.Release|Any CPU.ActiveCfg = Release|Any CPU
		{45A72DAF-370A-42D1-833E-CEE27EA5E311}.Debug|Any CPU.ActiveCfg = Debug|Any CPU
		{45A72DAF-370A-42D1-833E-CEE27EA5E311}.Debug|Any CPU.Build.0 = Debug|Any CPU
		{45A72DAF-370A-42D1-833E-CEE27EA5E311}.Release|Any CPU.ActiveCfg = Release|Any CPU
		{45A72DAF-370A-42D1-833E-CEE27EA5E311}.Release|Any CPU.Build.0 = Release|Any CPU
		{91F6B6A6-5D95-4C7A-B22E-A35BD32DB67A}.Debug|Any CPU.ActiveCfg = Debug|Any CPU
		{91F6B6A6-5D95-4C7A-B22E-A35BD32DB67A}.Debug|Any CPU.Build.0 = Debug|Any CPU
		{91F6B6A6-5D95-4C7A-B22E-A35BD32DB67A}.Release|Any CPU.ActiveCfg = Release|Any CPU
		{91F6B6A6-5D95-4C7A-B22E-A35BD32DB67A}.Release|Any CPU.Build.0 = Release|Any CPU
		{70A6A571-23EC-4B2C-A579-1E6812DDC34E}.Debug|Any CPU.ActiveCfg = Debug|Any CPU
		{70A6A571-23EC-4B2C-A579-1E6812DDC34E}.Debug|Any CPU.Build.0 = Debug|Any CPU
		{70A6A571-23EC-4B2C-A579-1E6812DDC34E}.Release|Any CPU.ActiveCfg = Release|Any CPU
		{70A6A571-23EC-4B2C-A579-1E6812DDC34E}.Release|Any CPU.Build.0 = Release|Any CPU
		{4F68FD56-37A6-40D5-8C57-19067F7C2141}.Debug|Any CPU.ActiveCfg = Debug|Any CPU
		{4F68FD56-37A6-40D5-8C57-19067F7C2141}.Debug|Any CPU.Build.0 = Debug|Any CPU
		{4F68FD56-37A6-40D5-8C57-19067F7C2141}.Release|Any CPU.ActiveCfg = Release|Any CPU
		{4F68FD56-37A6-40D5-8C57-19067F7C2141}.Release|Any CPU.Build.0 = Release|Any CPU
		{2F442A2E-B999-4492-B487-FA941A0E44F1}.Debug|Any CPU.ActiveCfg = Debug|Any CPU
		{2F442A2E-B999-4492-B487-FA941A0E44F1}.Debug|Any CPU.Build.0 = Debug|Any CPU
		{2F442A2E-B999-4492-B487-FA941A0E44F1}.Release|Any CPU.ActiveCfg = Release|Any CPU
		{2F442A2E-B999-4492-B487-FA941A0E44F1}.Release|Any CPU.Build.0 = Release|Any CPU
	EndGlobalSection
	GlobalSection(SolutionProperties) = preSolution
		HideSolutionNode = FALSE
	EndGlobalSection
	GlobalSection(ExtensibilityGlobals) = postSolution
		SolutionGuid = {0E6DA77F-A8E6-4FB2-88F6-EBCA8F977464}
	EndGlobalSection
EndGlobal
